{
    "_readme": [
        "This file locks the dependencies of your project to a known state",
        "Read more about it at https://getcomposer.org/doc/01-basic-usage.md#installing-dependencies",
        "This file is @generated automatically"
    ],
    "content-hash": "26a82aee607c4d079f7914fd4027ecc6",
    "packages": [
        {
            "name": "devhammed/jedi-php",
            "version": "1.0.0",
            "dist": {
                "type": "path",
                "url": "..",
                "reference": "e50a1a456f4e1782936950dd9635b8261624ace3"
            },
            "type": "library",
            "autoload": {
                "psr-4": {
                    "Jedi\\": "src/"
                }
            },
            "license": [
                "MIT"
            ],
            "authors": [
                {
                    "name": "Hammed Oyedele",
                    "email": "itz.harmid@gmail.com"
                }
            ],
            "description": "Jedi PHP Framework, The New Hope!",
            "transport-options": {
                "symlink": true,
                "relative": true
            }
        }
    ],
    "packages-dev": [],
    "aliases": [],
    "minimum-stability": "dev",
    "stability-flags": {
        "devhammed/jedi-php": 20
    },
    "prefer-stable": true,
    "prefer-lowest": false,
    "platform": [],
    "platform-dev": [],
    "plugin-api-version": "2.3.0"
}
